
Microsoft Visual Studio Solution File, Format Version 12.00
# Visual Studio Version 16
VisualStudioVersion = 16.0.30711.63
MinimumVisualStudioVersion = 10.0.40219.1
Project("{2150E333-8FDC-42A3-9474-1A3956D46DE8}") = "Microservices", "Microservices", "{BA411548-DEC0-4E2A-BB16-54AE23B03227}"
EndProject
Project("{2150E333-8FDC-42A3-9474-1A3956D46DE8}") = "Domain", "Domain", "{0E3AF09D-AF2D-4987-A797-1DA25A0DD140}"
EndProject
Project("{2150E333-8FDC-42A3-9474-1A3956D46DE8}") = "Infra.bus", "Infra.bus", "{BC1917A6-5612-4CB4-B956-C3AE7D0B0D73}"
EndProject
Project("{2150E333-8FDC-42A3-9474-1A3956D46DE8}") = "Infra.IOC", "Infra.IOC", "{B1BC7F3D-0CF7-4F50-B98F-F9D367F1F728}"
EndProject
Project("{2150E333-8FDC-42A3-9474-1A3956D46DE8}") = "Presentation", "Presentation", "{F6B035DF-626C-464D-8E12-73BAD39D6D58}"
EndProject
Project("{9A19103F-16F7-4668-BE54-9A1E7A4F7556}") = "MicroRabbit.Domain.Core", "MicroRabbit.Domain.Core\MicroRabbit.Domain.Core.csproj", "{6745F6FB-33D9-4CEB-ADD1-5800F6E5B63A}"
EndProject
Project("{9A19103F-16F7-4668-BE54-9A1E7A4F7556}") = "MicroRabbit.Infra.Bus", "MicroRabbit.Infra.Bus\MicroRabbit.Infra.Bus.csproj", "{228F8D16-67EE-447A-999D-9C17BE2B6D15}"
EndProject
Project("{9A19103F-16F7-4668-BE54-9A1E7A4F7556}") = "MicroRabbit.Infra.IOC", "MicroRabbit.Infra.IOC\MicroRabbit.Infra.IOC.csproj", "{BD46036D-A0BB-4551-B5E8-30B4356C7886}"
EndProject
Project("{2150E333-8FDC-42A3-9474-1A3956D46DE8}") = "Banking", "Banking", "{FFA0BA5F-4AFA-4E28-966F-F23D776608B3}"
EndProject
Project("{2150E333-8FDC-42A3-9474-1A3956D46DE8}") = "Api", "Api", "{3F0ED853-17EB-4EF7-BAC5-E45DE2BD63F4}"
EndProject
Project("{2150E333-8FDC-42A3-9474-1A3956D46DE8}") = "Domain", "Domain", "{54CE5DEC-59E7-4162-B9B1-96ACA18C4398}"
EndProject
Project("{2150E333-8FDC-42A3-9474-1A3956D46DE8}") = "Application", "Application", "{69271105-13D2-4314-BDD1-B4BD201DADEC}"
EndProject
Project("{2150E333-8FDC-42A3-9474-1A3956D46DE8}") = "Data", "Data", "{D9DD1831-00B2-492F-BD74-286F2E7562DF}"
EndProject
Project("{9A19103F-16F7-4668-BE54-9A1E7A4F7556}") = "MicroRabbit.Banking.Api", "MicroRabbit.Banking.Api\MicroRabbit.Banking.Api.csproj", "{66ABFF80-AB2D-48D1-8597-6A735202AFD1}"
EndProject
Project("{9A19103F-16F7-4668-BE54-9A1E7A4F7556}") = "MicroRabbit.Banking.Application", "MicroRabbit.Banking.Application\MicroRabbit.Banking.Application.csproj", "{D2EE6B7A-7316-4699-98BA-905DA502F351}"
EndProject
Project("{9A19103F-16F7-4668-BE54-9A1E7A4F7556}") = "MicroRabbit.Banking.Data", "MicroRabbit.Banking.Data\MicroRabbit.Banking.Data.csproj", "{4AAF086E-0990-42B9-8B54-16400D11230B}"
EndProject
Project("{9A19103F-16F7-4668-BE54-9A1E7A4F7556}") = "MicroRabbit.Banking.Domain", "MicroRabbit.Banking.Domain\MicroRabbit.Banking.Domain.csproj", "{6744295B-6B6E-4F8A-93C2-B0C23803D910}"
EndProject
Project("{2150E333-8FDC-42A3-9474-1A3956D46DE8}") = "Transfer", "Transfer", "{F59A542B-7157-4D08-A4A2-03C9A5BBDBB1}"
EndProject
Project("{2150E333-8FDC-42A3-9474-1A3956D46DE8}") = "Api", "Api", "{5845A5CC-87B6-4CC6-AFDE-228A65835A1F}"
EndProject
Project("{2150E333-8FDC-42A3-9474-1A3956D46DE8}") = "Application", "Application", "{EC89EFC4-2429-4D28-BCF1-085B2CC85CAA}"
EndProject
Project("{2150E333-8FDC-42A3-9474-1A3956D46DE8}") = "Data", "Data", "{0089643F-7FE8-49D0-AB60-427994651D83}"
EndProject
Project("{2150E333-8FDC-42A3-9474-1A3956D46DE8}") = "Domain", "Domain", "{3441B4E6-820B-45A6-A90E-6FD04A09D66E}"
EndProject
Project("{9A19103F-16F7-4668-BE54-9A1E7A4F7556}") = "MicroRabbit.Transfer.Api", "MicroRabbit.Transfer.Api\MicroRabbit.Transfer.Api.csproj", "{80947D14-873A-41FD-92C6-11336BF7EE5B}"
EndProject
Project("{9A19103F-16F7-4668-BE54-9A1E7A4F7556}") = "MicroRabbit.Transfer.Application", "MicroRabbit.Transfer.Application\MicroRabbit.Transfer.Application.csproj", "{67A6F746-2EF3-4526-8053-AF313A885237}"
EndProject
Project("{9A19103F-16F7-4668-BE54-9A1E7A4F7556}") = "MicroRabbit.Transfer.Data", "MicroRabbit.Transfer.Data\MicroRabbit.Transfer.Data.csproj", "{03F30F05-B238-426C-8D09-47E52236A061}"
EndProject
Project("{9A19103F-16F7-4668-BE54-9A1E7A4F7556}") = "MicroRabbit.Transfer.Domain", "MicroRabbit.Transfer.Domain\MicroRabbit.Transfer.Domain.csproj", "{2EF657BB-8DD8-4AED-9A55-CD43A6980A4D}"
EndProject
Global
	GlobalSection(SolutionConfigurationPlatforms) = preSolution
		Debug|Any CPU = Debug|Any CPU
		Release|Any CPU = Release|Any CPU
	EndGlobalSection
	GlobalSection(ProjectConfigurationPlatforms) = postSolution
		{6745F6FB-33D9-4CEB-ADD1-5800F6E5B63A}.Debug|Any CPU.ActiveCfg = Debug|Any CPU
		{6745F6FB-33D9-4CEB-ADD1-5800F6E5B63A}.Debug|Any CPU.Build.0 = Debug|Any CPU
		{6745F6FB-33D9-4CEB-ADD1-5800F6E5B63A}.Release|Any CPU.ActiveCfg = Release|Any CPU
		{6745F6FB-33D9-4CEB-ADD1-5800F6E5B63A}.Release|Any CPU.Build.0 = Release|Any CPU
		{228F8D16-67EE-447A-999D-9C17BE2B6D15}.Debug|Any CPU.ActiveCfg = Debug|Any CPU
		{228F8D16-67EE-447A-999D-9C17BE2B6D15}.Debug|Any CPU.Build.0 = Debug|Any CPU
		{228F8D16-67EE-447A-999D-9C17BE2B6D15}.Release|Any CPU.ActiveCfg = Release|Any CPU
		{228F8D16-67EE-447A-999D-9C17BE2B6D15}.Release|Any CPU.Build.0 = Release|Any CPU
		{BD46036D-A0BB-4551-B5E8-30B4356C7886}.Debug|Any CPU.ActiveCfg = Debug|Any CPU
		{BD46036D-A0BB-4551-B5E8-30B4356C7886}.Debug|Any CPU.Build.0 = Debug|Any CPU
		{BD46036D-A0BB-4551-B5E8-30B4356C7886}.Release|Any CPU.ActiveCfg = Release|Any CPU
		{BD46036D-A0BB-4551-B5E8-30B4356C7886}.Release|Any CPU.Build.0 = Release|Any CPU
		{66ABFF80-AB2D-48D1-8597-6A735202AFD1}.Debug|Any CPU.ActiveCfg = Debug|Any CPU
		{66ABFF80-AB2D-48D1-8597-6A735202AFD1}.Debug|Any CPU.Build.0 = Debug|Any CPU
		{66ABFF80-AB2D-48D1-8597-6A735202AFD1}.Release|Any CPU.ActiveCfg = Release|Any CPU
		{66ABFF80-AB2D-48D1-8597-6A735202AFD1}.Release|Any CPU.Build.0 = Release|Any CPU
		{D2EE6B7A-7316-4699-98BA-905DA502F351}.Debug|Any CPU.ActiveCfg = Debug|Any CPU
		{D2EE6B7A-7316-4699-98BA-905DA502F351}.Debug|Any CPU.Build.0 = Debug|Any CPU
		{D2EE6B7A-7316-4699-98BA-905DA502F351}.Release|Any CPU.ActiveCfg = Release|Any CPU
		{D2EE6B7A-7316-4699-98BA-905DA502F351}.Release|Any CPU.Build.0 = Release|Any CPU
		{4AAF086E-0990-42B9-8B54-16400D11230B}.Debug|Any CPU.ActiveCfg = Debug|Any CPU
		{4AAF086E-0990-42B9-8B54-16400D11230B}.Debug|Any CPU.Build.0 = Debug|Any CPU
		{4AAF086E-0990-42B9-8B54-16400D11230B}.Release|Any CPU.ActiveCfg = Release|Any CPU
		{4AAF086E-0990-42B9-8B54-16400D11230B}.Release|Any CPU.Build.0 = Release|Any CPU
		{6744295B-6B6E-4F8A-93C2-B0C23803D910}.Debug|Any CPU.ActiveCfg = Debug|Any CPU
		{6744295B-6B6E-4F8A-93C2-B0C23803D910}.Debug|Any CPU.Build.0 = Debug|Any CPU
		{6744295B-6B6E-4F8A-93C2-B0C23803D910}.Release|Any CPU.ActiveCfg = Release|Any CPU
		{6744295B-6B6E-4F8A-93C2-B0C23803D910}.Release|Any CPU.Build.0 = Release|Any CPU
		{80947D14-873A-41FD-92C6-11336BF7EE5B}.Debug|Any CPU.ActiveCfg = Debug|Any CPU
		{80947D14-873A-41FD-92C6-11336BF7EE5B}.Debug|Any CPU.Build.0 = Debug|Any CPU
		{80947D14-873A-41FD-92C6-11336BF7EE5B}.Release|Any CPU.ActiveCfg = Release|Any CPU
		{80947D14-873A-41FD-92C6-11336BF7EE5B}.Release|Any CPU.Build.0 = Release|Any CPU
		{67A6F746-2EF3-4526-8053-AF313A885237}.Debug|Any CPU.ActiveCfg = Debug|Any CPU
		{67A6F746-2EF3-4526-8053-AF313A885237}.Debug|Any CPU.Build.0 = Debug|Any CPU
		{67A6F746-2EF3-4526-8053-AF313A885237}.Release|Any CPU.ActiveCfg = Release|Any CPU
		{67A6F746-2EF3-4526-8053-AF313A885237}.Release|Any CPU.Build.0 = Release|Any CPU
		{03F30F05-B238-426C-8D09-47E52236A061}.Debug|Any CPU.ActiveCfg = Debug|Any CPU
		{03F30F05-B238-426C-8D09-47E52236A061}.Debug|Any CPU.Build.0 = Debug|Any CPU
		{03F30F05-B238-426C-8D09-47E52236A061}.Release|Any CPU.ActiveCfg = Release|Any CPU
		{03F30F05-B238-426C-8D09-47E52236A061}.Release|Any CPU.Build.0 = Release|Any CPU
		{2EF657BB-8DD8-4AED-9A55-CD43A6980A4D}.Debug|Any CPU.ActiveCfg = Debug|Any CPU
		{2EF657BB-8DD8-4AED-9A55-CD43A6980A4D}.Debug|Any CPU.Build.0 = Debug|Any CPU
		{2EF657BB-8DD8-4AED-9A55-CD43A6980A4D}.Release|Any CPU.ActiveCfg = Release|Any CPU
		{2EF657BB-8DD8-4AED-9A55-CD43A6980A4D}.Release|Any CPU.Build.0 = Release|Any CPU
	EndGlobalSection
	GlobalSection(SolutionProperties) = preSolution
		HideSolutionNode = FALSE
	EndGlobalSection
	GlobalSection(NestedProjects) = preSolution
		{6745F6FB-33D9-4CEB-ADD1-5800F6E5B63A} = {0E3AF09D-AF2D-4987-A797-1DA25A0DD140}
		{228F8D16-67EE-447A-999D-9C17BE2B6D15} = {BC1917A6-5612-4CB4-B956-C3AE7D0B0D73}
		{BD46036D-A0BB-4551-B5E8-30B4356C7886} = {B1BC7F3D-0CF7-4F50-B98F-F9D367F1F728}
		{FFA0BA5F-4AFA-4E28-966F-F23D776608B3} = {BA411548-DEC0-4E2A-BB16-54AE23B03227}
		{3F0ED853-17EB-4EF7-BAC5-E45DE2BD63F4} = {FFA0BA5F-4AFA-4E28-966F-F23D776608B3}
		{54CE5DEC-59E7-4162-B9B1-96ACA18C4398} = {FFA0BA5F-4AFA-4E28-966F-F23D776608B3}
		{69271105-13D2-4314-BDD1-B4BD201DADEC} = {FFA0BA5F-4AFA-4E28-966F-F23D776608B3}
		{D9DD1831-00B2-492F-BD74-286F2E7562DF} = {FFA0BA5F-4AFA-4E28-966F-F23D776608B3}
		{66ABFF80-AB2D-48D1-8597-6A735202AFD1} = {3F0ED853-17EB-4EF7-BAC5-E45DE2BD63F4}
		{D2EE6B7A-7316-4699-98BA-905DA502F351} = {69271105-13D2-4314-BDD1-B4BD201DADEC}
		{4AAF086E-0990-42B9-8B54-16400D11230B} = {D9DD1831-00B2-492F-BD74-286F2E7562DF}
		{6744295B-6B6E-4F8A-93C2-B0C23803D910} = {54CE5DEC-59E7-4162-B9B1-96ACA18C4398}
		{F59A542B-7157-4D08-A4A2-03C9A5BBDBB1} = {BA411548-DEC0-4E2A-BB16-54AE23B03227}
		{5845A5CC-87B6-4CC6-AFDE-228A65835A1F} = {F59A542B-7157-4D08-A4A2-03C9A5BBDBB1}
		{EC89EFC4-2429-4D28-BCF1-085B2CC85CAA} = {F59A542B-7157-4D08-A4A2-03C9A5BBDBB1}
		{0089643F-7FE8-49D0-AB60-427994651D83} = {F59A542B-7157-4D08-A4A2-03C9A5BBDBB1}
		{3441B4E6-820B-45A6-A90E-6FD04A09D66E} = {F59A542B-7157-4D08-A4A2-03C9A5BBDBB1}
		{80947D14-873A-41FD-92C6-11336BF7EE5B} = {5845A5CC-87B6-4CC6-AFDE-228A65835A1F}
		{67A6F746-2EF3-4526-8053-AF313A885237} = {EC89EFC4-2429-4D28-BCF1-085B2CC85CAA}
		{03F30F05-B238-426C-8D09-47E52236A061} = {0089643F-7FE8-49D0-AB60-427994651D83}
		{2EF657BB-8DD8-4AED-9A55-CD43A6980A4D} = {3441B4E6-820B-45A6-A90E-6FD04A09D66E}
	EndGlobalSection
	GlobalSection(ExtensibilityGlobals) = postSolution
		SolutionGuid = {594D5612-209E-4416-B659-6A4767823B9C}
	EndGlobalSection
EndGlobal
